
Microsoft Visual Studio Solution File, Format Version 12.00
# Visual Studio Version 17
VisualStudioVersion = 17.5.33502.453
MinimumVisualStudioVersion = 10.0.40219.1
Project("{FAE04EC0-301F-11D3-BF4B-00C04F79EFBC}") = "RabbitMQTest", "RabbitMQTest\RabbitMQTest.csproj", "{2CBDEC3B-C89E-4136-BED2-4A9FB3B8A7FC}"
EndProject
Global
	GlobalSection(SolutionConfigurationPlatforms) = preSolution
		Debug|Any CPU = Debug|Any CPU
		Release|Any CPU = Release|Any CPU
	EndGlobalSection
	GlobalSection(ProjectConfigurationPlatforms) = postSolution
		{2CBDEC3B-C89E-4136-BED2-4A9FB3B8A7FC}.Debug|Any CPU.ActiveCfg = Debug|Any CPU
		{2CBDEC3B-C89E-4136-BED2-4A9FB3B8A7FC}.Debug|Any CPU.Build.0 = Debug|Any CPU
		{2CBDEC3B-C89E-4136-BED2-4A9FB3B8A7FC}.Release|Any CPU.ActiveCfg = Release|Any CPU
		{2CBDEC3B-C89E-4136-BED2-4A9FB3B8A7FC}.Release|Any CPU.Build.0 = Release|Any CPU
	EndGlobalSection
	GlobalSection(SolutionProperties) = preSolution
		HideSolutionNode = FALSE
	EndGlobalSection
	GlobalSection(ExtensibilityGlobals) = postSolution
		SolutionGuid = {F5AE2BFB-9D71-42D8-9F6A-20202D740EA7}
	EndGlobalSection
EndGlobal
